
Microsoft Visual Studio Solution File, Format Version 12.00
# Visual Studio Version 16
VisualStudioVersion = 16.0.30503.244
MinimumVisualStudioVersion = 10.0.40219.1
Project("{FAE04EC0-301F-11D3-BF4B-00C04F79EFBC}") = "FitworksApp", "FitworksApp\FitworksApp.csproj", "{A3874ADE-B2AD-4524-B8FE-2EA6F8DCA6DB}"
EndProject
Project("{FAE04EC0-301F-11D3-BF4B-00C04F79EFBC}") = "TestGymApp.UnitTests", "TestGymApp.UnitTests\TestGymApp.UnitTests.csproj", "{15DD5BF3-7DBA-494E-96AD-6BD29C44F388}"
EndProject
Global
	GlobalSection(SolutionConfigurationPlatforms) = preSolution
		Debug|Any CPU = Debug|Any CPU
		Release|Any CPU = Release|Any CPU
	EndGlobalSection
	GlobalSection(ProjectConfigurationPlatforms) = postSolution
		{A3874ADE-B2AD-4524-B8FE-2EA6F8DCA6DB}.Debug|Any CPU.ActiveCfg = Debug|Any CPU
		{A3874ADE-B2AD-4524-B8FE-2EA6F8DCA6DB}.Debug|Any CPU.Build.0 = Debug|Any CPU
		{A3874ADE-B2AD-4524-B8FE-2EA6F8DCA6DB}.Release|Any CPU.ActiveCfg = Release|Any CPU
		{A3874ADE-B2AD-4524-B8FE-2EA6F8DCA6DB}.Release|Any CPU.Build.0 = Release|Any CPU
		{15DD5BF3-7DBA-494E-96AD-6BD29C44F388}.Debug|Any CPU.ActiveCfg = Debug|Any CPU
		{15DD5BF3-7DBA-494E-96AD-6BD29C44F388}.Debug|Any CPU.Build.0 = Debug|Any CPU
		{15DD5BF3-7DBA-494E-96AD-6BD29C44F388}.Release|Any CPU.ActiveCfg = Release|Any CPU
		{15DD5BF3-7DBA-494E-96AD-6BD29C44F388}.Release|Any CPU.Build.0 = Release|Any CPU
	EndGlobalSection
	GlobalSection(SolutionProperties) = preSolution
		HideSolutionNode = FALSE
	EndGlobalSection
	GlobalSection(ExtensibilityGlobals) = postSolution
		SolutionGuid = {E6D326EB-C7BB-43B1-ABB2-8846766C2065}
	EndGlobalSection
EndGlobal
